
Microsoft Visual Studio Solution File, Format Version 12.00
# Visual Studio 14
VisualStudioVersion = 14.0.25123.0
MinimumVisualStudioVersion = 10.0.40219.1
Project("{FAE04EC0-301F-11D3-BF4B-00C04F79EFBC}") = "ThreeTasks", "ThreeTasks.csproj", "{EF57142B-C002-4DF3-9C9A-D3C697BCAF45}"
EndProject
Project("{FAE04EC0-301F-11D3-BF4B-00C04F79EFBC}") = "TaskResult", "..\TaskResult\TaskResult.csproj", "{F25DA389-711A-4854-8FBE-4D1301176125}"
EndProject
Global
	GlobalSection(SolutionConfigurationPlatforms) = preSolution
		Debug|Any CPU = Debug|Any CPU
		Release|Any CPU = Release|Any CPU
	EndGlobalSection
	GlobalSection(ProjectConfigurationPlatforms) = postSolution
		{EF57142B-C002-4DF3-9C9A-D3C697BCAF45}.Debug|Any CPU.ActiveCfg = Debug|Any CPU
		{EF57142B-C002-4DF3-9C9A-D3C697BCAF45}.Debug|Any CPU.Build.0 = Debug|Any CPU
		{EF57142B-C002-4DF3-9C9A-D3C697BCAF45}.Release|Any CPU.ActiveCfg = Release|Any CPU
		{EF57142B-C002-4DF3-9C9A-D3C697BCAF45}.Release|Any CPU.Build.0 = Release|Any CPU
		{F25DA389-711A-4854-8FBE-4D1301176125}.Debug|Any CPU.ActiveCfg = Debug|Any CPU
		{F25DA389-711A-4854-8FBE-4D1301176125}.Debug|Any CPU.Build.0 = Debug|Any CPU
		{F25DA389-711A-4854-8FBE-4D1301176125}.Release|Any CPU.ActiveCfg = Release|Any CPU
		{F25DA389-711A-4854-8FBE-4D1301176125}.Release|Any CPU.Build.0 = Release|Any CPU
	EndGlobalSection
	GlobalSection(SolutionProperties) = preSolution
		HideSolutionNode = FALSE
	EndGlobalSection
EndGlobal
