
Microsoft Visual Studio Solution File, Format Version 12.00
# Visual Studio 14
VisualStudioVersion = 14.0.25123.0
MinimumVisualStudioVersion = 10.0.40219.1
Project("{FAE04EC0-301F-11D3-BF4B-00C04F79EFBC}") = "ThreeTasks", "ThreeTasks.csproj", "{EF57142B-C002-4DF3-9C9A-D3C697BCAF45}"
EndProject
Project("{FAE04EC0-301F-11D3-BF4B-00C04F79EFBC}") = "TaskResult", "..\TaskResult\TaskResult.csproj", "{F25DA389-711A-4854-8FBE-4D1301176125}"
EndProject
Project("{FAE04EC0-301F-11D3-BF4B-00C04F79EFBC}") = "PassingData", "..\PassingData\PassingData.csproj", "{5524C8AB-4CAA-4FFB-9F4C-33E59A35CAD1}"
EndProject
Project("{FAE04EC0-301F-11D3-BF4B-00C04F79EFBC}") = "TaskException", "..\TaskException\TaskException.csproj", "{B3826214-CED2-41EE-B12C-C7D2436614AD}"
EndProject
Project("{FAE04EC0-301F-11D3-BF4B-00C04F79EFBC}") = "CancellingTask", "..\CancellingTask\CancellingTask.csproj", "{F3B64856-43E3-47E4-BEDF-CBA097BD852A}"
EndProject
Project("{FAE04EC0-301F-11D3-BF4B-00C04F79EFBC}") = "ContinueWithValue", "..\ContinueWithValue\ContinueWithValue.csproj", "{39FC38AE-3541-4512-B459-34042B6ECD92}"
EndProject
Project("{FAE04EC0-301F-11D3-BF4B-00C04F79EFBC}") = "WhenAny", "..\WhenAny\WhenAny.csproj", "{AB79E3CB-E648-4BBC-BD2D-616D19D08BE2}"
EndProject
Project("{FAE04EC0-301F-11D3-BF4B-00C04F79EFBC}") = "UIUpdate", "..\UIUpdate\UIUpdate.csproj", "{6AC09F47-BE62-4FA3-BE0B-B9424023A271}"
EndProject
Project("{FAE04EC0-301F-11D3-BF4B-00C04F79EFBC}") = "BlockingCollection", "..\BlockingCollection\BlockingCollection.csproj", "{6A2B29E3-C6C6-402F-9CF6-F783BC0DDFED}"
EndProject
Project("{FAE04EC0-301F-11D3-BF4B-00C04F79EFBC}") = "WordCountAsync", "..\WordCountAsync\WordCountAsync.csproj", "{22D4FF5F-52BB-4320-AD7B-FFED7872D901}"
EndProject
Project("{FAE04EC0-301F-11D3-BF4B-00C04F79EFBC}") = "CancellationAsync", "..\CancellationAsync\CancellationAsync.csproj", "{E72243A3-B52B-496B-8D5B-6F7728365E66}"
EndProject
Global
	GlobalSection(SolutionConfigurationPlatforms) = preSolution
		Debug|Any CPU = Debug|Any CPU
		Release|Any CPU = Release|Any CPU
	EndGlobalSection
	GlobalSection(ProjectConfigurationPlatforms) = postSolution
		{EF57142B-C002-4DF3-9C9A-D3C697BCAF45}.Debug|Any CPU.ActiveCfg = Debug|Any CPU
		{EF57142B-C002-4DF3-9C9A-D3C697BCAF45}.Debug|Any CPU.Build.0 = Debug|Any CPU
		{EF57142B-C002-4DF3-9C9A-D3C697BCAF45}.Release|Any CPU.ActiveCfg = Release|Any CPU
		{EF57142B-C002-4DF3-9C9A-D3C697BCAF45}.Release|Any CPU.Build.0 = Release|Any CPU
		{F25DA389-711A-4854-8FBE-4D1301176125}.Debug|Any CPU.ActiveCfg = Debug|Any CPU
		{F25DA389-711A-4854-8FBE-4D1301176125}.Debug|Any CPU.Build.0 = Debug|Any CPU
		{F25DA389-711A-4854-8FBE-4D1301176125}.Release|Any CPU.ActiveCfg = Release|Any CPU
		{F25DA389-711A-4854-8FBE-4D1301176125}.Release|Any CPU.Build.0 = Release|Any CPU
		{5524C8AB-4CAA-4FFB-9F4C-33E59A35CAD1}.Debug|Any CPU.ActiveCfg = Debug|Any CPU
		{5524C8AB-4CAA-4FFB-9F4C-33E59A35CAD1}.Debug|Any CPU.Build.0 = Debug|Any CPU
		{5524C8AB-4CAA-4FFB-9F4C-33E59A35CAD1}.Release|Any CPU.ActiveCfg = Release|Any CPU
		{5524C8AB-4CAA-4FFB-9F4C-33E59A35CAD1}.Release|Any CPU.Build.0 = Release|Any CPU
		{B3826214-CED2-41EE-B12C-C7D2436614AD}.Debug|Any CPU.ActiveCfg = Debug|Any CPU
		{B3826214-CED2-41EE-B12C-C7D2436614AD}.Debug|Any CPU.Build.0 = Debug|Any CPU
		{B3826214-CED2-41EE-B12C-C7D2436614AD}.Release|Any CPU.ActiveCfg = Release|Any CPU
		{B3826214-CED2-41EE-B12C-C7D2436614AD}.Release|Any CPU.Build.0 = Release|Any CPU
		{F3B64856-43E3-47E4-BEDF-CBA097BD852A}.Debug|Any CPU.ActiveCfg = Debug|Any CPU
		{F3B64856-43E3-47E4-BEDF-CBA097BD852A}.Debug|Any CPU.Build.0 = Debug|Any CPU
		{F3B64856-43E3-47E4-BEDF-CBA097BD852A}.Release|Any CPU.ActiveCfg = Release|Any CPU
		{F3B64856-43E3-47E4-BEDF-CBA097BD852A}.Release|Any CPU.Build.0 = Release|Any CPU
		{39FC38AE-3541-4512-B459-34042B6ECD92}.Debug|Any CPU.ActiveCfg = Debug|Any CPU
		{39FC38AE-3541-4512-B459-34042B6ECD92}.Debug|Any CPU.Build.0 = Debug|Any CPU
		{39FC38AE-3541-4512-B459-34042B6ECD92}.Release|Any CPU.ActiveCfg = Release|Any CPU
		{39FC38AE-3541-4512-B459-34042B6ECD92}.Release|Any CPU.Build.0 = Release|Any CPU
		{AB79E3CB-E648-4BBC-BD2D-616D19D08BE2}.Debug|Any CPU.ActiveCfg = Debug|Any CPU
		{AB79E3CB-E648-4BBC-BD2D-616D19D08BE2}.Debug|Any CPU.Build.0 = Debug|Any CPU
		{AB79E3CB-E648-4BBC-BD2D-616D19D08BE2}.Release|Any CPU.ActiveCfg = Release|Any CPU
		{AB79E3CB-E648-4BBC-BD2D-616D19D08BE2}.Release|Any CPU.Build.0 = Release|Any CPU
		{6AC09F47-BE62-4FA3-BE0B-B9424023A271}.Debug|Any CPU.ActiveCfg = Debug|Any CPU
		{6AC09F47-BE62-4FA3-BE0B-B9424023A271}.Debug|Any CPU.Build.0 = Debug|Any CPU
		{6AC09F47-BE62-4FA3-BE0B-B9424023A271}.Release|Any CPU.ActiveCfg = Release|Any CPU
		{6AC09F47-BE62-4FA3-BE0B-B9424023A271}.Release|Any CPU.Build.0 = Release|Any CPU
		{6A2B29E3-C6C6-402F-9CF6-F783BC0DDFED}.Debug|Any CPU.ActiveCfg = Debug|Any CPU
		{6A2B29E3-C6C6-402F-9CF6-F783BC0DDFED}.Debug|Any CPU.Build.0 = Debug|Any CPU
		{6A2B29E3-C6C6-402F-9CF6-F783BC0DDFED}.Release|Any CPU.ActiveCfg = Release|Any CPU
		{6A2B29E3-C6C6-402F-9CF6-F783BC0DDFED}.Release|Any CPU.Build.0 = Release|Any CPU
		{22D4FF5F-52BB-4320-AD7B-FFED7872D901}.Debug|Any CPU.ActiveCfg = Debug|Any CPU
		{22D4FF5F-52BB-4320-AD7B-FFED7872D901}.Debug|Any CPU.Build.0 = Debug|Any CPU
		{22D4FF5F-52BB-4320-AD7B-FFED7872D901}.Release|Any CPU.ActiveCfg = Release|Any CPU
		{22D4FF5F-52BB-4320-AD7B-FFED7872D901}.Release|Any CPU.Build.0 = Release|Any CPU
		{E72243A3-B52B-496B-8D5B-6F7728365E66}.Debug|Any CPU.ActiveCfg = Debug|Any CPU
		{E72243A3-B52B-496B-8D5B-6F7728365E66}.Debug|Any CPU.Build.0 = Debug|Any CPU
		{E72243A3-B52B-496B-8D5B-6F7728365E66}.Release|Any CPU.ActiveCfg = Release|Any CPU
		{E72243A3-B52B-496B-8D5B-6F7728365E66}.Release|Any CPU.Build.0 = Release|Any CPU
	EndGlobalSection
	GlobalSection(SolutionProperties) = preSolution
		HideSolutionNode = FALSE
	EndGlobalSection
EndGlobal
